// !$*UTF8*$!
{
	archiveVersion = 1;
	classes = {
	};
	objectVersion = 77;
	objects = {

/* Begin PBXBuildFile section */
		54DB66822E4D142500F03FB9 /* FameFit Watch App.app in Embed Watch Content */ = {isa = PBXBuildFile; fileRef = 54603EFC2E1E03D0008D4778 /* FameFit Watch App.app */; settings = {ATTRIBUTES = (RemoveHeadersOnCopy, ); }; };
/* End PBXBuildFile section */

/* Begin PBXContainerItemProxy section */
		54804A762E1E146F00E8726E /* PBXContainerItemProxy */ = {
			isa = PBXContainerItemProxy;
			containerPortal = 54D774CE2E0F3BAE00791940 /* Project object */;
			proxyType = 1;
			remoteGlobalIDString = 54D774F82E0F3BB100791940;
			remoteInfo = "FameFit Watch App";
		};
		54D774E42E0F3BB000791940 /* PBXContainerItemProxy */ = {
			isa = PBXContainerItemProxy;
			containerPortal = 54D774CE2E0F3BAE00791940 /* Project object */;
			proxyType = 1;
			remoteGlobalIDString = 54D774D52E0F3BAE00791940;
			remoteInfo = FameFit;
		};
		54D774EE2E0F3BB100791940 /* PBXContainerItemProxy */ = {
			isa = PBXContainerItemProxy;
			containerPortal = 54D774CE2E0F3BAE00791940 /* Project object */;
			proxyType = 1;
			remoteGlobalIDString = 54D774D52E0F3BAE00791940;
			remoteInfo = FameFit;
		};
		54D774FB2E0F3BB100791940 /* PBXContainerItemProxy */ = {
			isa = PBXContainerItemProxy;
			containerPortal = 54D774CE2E0F3BAE00791940 /* Project object */;
			proxyType = 1;
			remoteGlobalIDString = 54D774F82E0F3BB100791940;
			remoteInfo = "FameFit Watch App";
		};
		54D775092E0F3BB200791940 /* PBXContainerItemProxy */ = {
			isa = PBXContainerItemProxy;
			containerPortal = 54D774CE2E0F3BAE00791940 /* Project object */;
			proxyType = 1;
			remoteGlobalIDString = 54D774F82E0F3BB100791940;
			remoteInfo = "FameFit Watch App";
		};
/* End PBXContainerItemProxy section */

/* Begin PBXCopyFilesBuildPhase section */
		54D7751F2E0F3BB200791940 /* Embed Watch Content */ = {
			isa = PBXCopyFilesBuildPhase;
			buildActionMask = 2147483647;
			dstPath = "$(CONTENTS_FOLDER_PATH)/Watch";
			dstSubfolderSpec = 16;
			files = (
				54DB66822E4D142500F03FB9 /* FameFit Watch App.app in Embed Watch Content */,
			);
			name = "Embed Watch Content";
			runOnlyForDeploymentPostprocessing = 0;
		};
/* End PBXCopyFilesBuildPhase section */

/* Begin PBXFileReference section */
		54603EFB2E1E03D0008D4778 /* FameFit.app */ = {isa = PBXFileReference; explicitFileType = wrapper.application; includeInIndex = 0; path = FameFit.app; sourceTree = BUILT_PRODUCTS_DIR; };
		54603EFC2E1E03D0008D4778 /* FameFit Watch App.app */ = {isa = PBXFileReference; explicitFileType = wrapper.application; includeInIndex = 0; path = "FameFit Watch App.app"; sourceTree = BUILT_PRODUCTS_DIR; };
		54603EFD2E1E03D0008D4778 /* FameFitTests.xctest */ = {isa = PBXFileReference; explicitFileType = wrapper.cfbundle; includeInIndex = 0; path = FameFitTests.xctest; sourceTree = BUILT_PRODUCTS_DIR; };
		54603EFE2E1E03D0008D4778 /* FameFitUITests.xctest */ = {isa = PBXFileReference; explicitFileType = wrapper.cfbundle; includeInIndex = 0; path = FameFitUITests.xctest; sourceTree = BUILT_PRODUCTS_DIR; };
		54603EFF2E1E03D0008D4778 /* FameFit Watch AppTests.xctest */ = {isa = PBXFileReference; explicitFileType = wrapper.cfbundle; includeInIndex = 0; path = "FameFit Watch AppTests.xctest"; sourceTree = BUILT_PRODUCTS_DIR; };
		54804A702E1E146F00E8726E /* FameFit Watch AppUITests.xctest */ = {isa = PBXFileReference; explicitFileType = wrapper.cfbundle; includeInIndex = 0; path = "FameFit Watch AppUITests.xctest"; sourceTree = BUILT_PRODUCTS_DIR; };
/* End PBXFileReference section */

/* Begin PBXFileSystemSynchronizedBuildFileExceptionSet section */
		549E276F2E49A11B00D326CC /* Exceptions for "FameFit" folder in "FameFit Watch App" target */ = {
			isa = PBXFileSystemSynchronizedBuildFileExceptionSet;
			membershipExceptions = (
				"Extensions/HKWorkoutActivityType+Extensions.swift",
				Models/Enums/AccountStatus.swift,
				Models/Enums/FameFitError.swift,
				Models/GroupWorkout.swift,
				Models/Presentation/WorkoutTypes.swift,
				Models/UserProfile.swift,
				Services/Watch/MessageDeduplicator.swift,
				Services/Watch/WatchConnectivityDebugger.swift,
				Utilities/UserDefaultsKeys.swift,
			);
			target = 54D774F82E0F3BB100791940 /* FameFit Watch App */;
		};
		54ABBC3A2E14B36300841B3E /* Exceptions for "FameFit" folder in "FameFit" target */ = {
			isa = PBXFileSystemSynchronizedBuildFileExceptionSet;
			membershipExceptions = (
				Info.plist,
			);
			target = 54D774D52E0F3BAE00791940 /* FameFit */;
		};
/* End PBXFileSystemSynchronizedBuildFileExceptionSet section */

/* Begin PBXFileSystemSynchronizedRootGroup section */
		54804A712E1E146F00E8726E /* FameFit Watch AppUITests */ = {
			isa = PBXFileSystemSynchronizedRootGroup;
			path = "FameFit Watch AppUITests";
			sourceTree = "<group>";
		};
		54D774D82E0F3BAE00791940 /* FameFit */ = {
			isa = PBXFileSystemSynchronizedRootGroup;
			exceptions = (
				54ABBC3A2E14B36300841B3E /* Exceptions for "FameFit" folder in "FameFit" target */,
				549E276F2E49A11B00D326CC /* Exceptions for "FameFit" folder in "FameFit Watch App" target */,
			);
			path = FameFit;
			sourceTree = "<group>";
		};
		54D774E62E0F3BB000791940 /* FameFitTests */ = {
			isa = PBXFileSystemSynchronizedRootGroup;
			path = FameFitTests;
			sourceTree = "<group>";
		};
		54D774F02E0F3BB100791940 /* FameFitUITests */ = {
			isa = PBXFileSystemSynchronizedRootGroup;
			path = FameFitUITests;
			sourceTree = "<group>";
		};
		54D774FD2E0F3BB100791940 /* FameFit Watch App */ = {
			isa = PBXFileSystemSynchronizedRootGroup;
			path = "FameFit Watch App";
			sourceTree = "<group>";
		};
		54D7750B2E0F3BB200791940 /* FameFit Watch AppTests */ = {
			isa = PBXFileSystemSynchronizedRootGroup;
			path = "FameFit Watch AppTests";
			sourceTree = "<group>";
		};
/* End PBXFileSystemSynchronizedRootGroup section */

/* Begin PBXFrameworksBuildPhase section */
		54804A6D2E1E146F00E8726E /* Frameworks */ = {
			isa = PBXFrameworksBuildPhase;
			buildActionMask = 2147483647;
			files = (
			);
			runOnlyForDeploymentPostprocessing = 0;
		};
		54D774D32E0F3BAE00791940 /* Frameworks */ = {
			isa = PBXFrameworksBuildPhase;
			buildActionMask = 2147483647;
			files = (
			);
			runOnlyForDeploymentPostprocessing = 0;
		};
		54D774E02E0F3BB000791940 /* Frameworks */ = {
			isa = PBXFrameworksBuildPhase;
			buildActionMask = 2147483647;
			files = (
			);
			runOnlyForDeploymentPostprocessing = 0;
		};
		54D774EA2E0F3BB100791940 /* Frameworks */ = {
			isa = PBXFrameworksBuildPhase;
			buildActionMask = 2147483647;
			files = (
			);
			runOnlyForDeploymentPostprocessing = 0;
		};
		54D774F62E0F3BB100791940 /* Frameworks */ = {
			isa = PBXFrameworksBuildPhase;
			buildActionMask = 2147483647;
			files = (
			);
			runOnlyForDeploymentPostprocessing = 0;
		};
		54D775052E0F3BB200791940 /* Frameworks */ = {
			isa = PBXFrameworksBuildPhase;
			buildActionMask = 2147483647;
			files = (
			);
			runOnlyForDeploymentPostprocessing = 0;
		};
/* End PBXFrameworksBuildPhase section */

/* Begin PBXGroup section */
		0129645FCAA61B5556A26537 /* Products */ = {
			isa = PBXGroup;
			children = (
				54603EFB2E1E03D0008D4778 /* FameFit.app */,
				54603EFD2E1E03D0008D4778 /* FameFitTests.xctest */,
				54603EFE2E1E03D0008D4778 /* FameFitUITests.xctest */,
				54603EFC2E1E03D0008D4778 /* FameFit Watch App.app */,
				54603EFF2E1E03D0008D4778 /* FameFit Watch AppTests.xctest */,
				54804A702E1E146F00E8726E /* FameFit Watch AppUITests.xctest */,
			);
			name = Products;
			sourceTree = "<group>";
		};
		54D774CD2E0F3BAE00791940 = {
			isa = PBXGroup;
			children = (
				54D774D82E0F3BAE00791940 /* FameFit */,
				54D774E62E0F3BB000791940 /* FameFitTests */,
				54D774F02E0F3BB100791940 /* FameFitUITests */,
				54D774FD2E0F3BB100791940 /* FameFit Watch App */,
				54D7750B2E0F3BB200791940 /* FameFit Watch AppTests */,
				54804A712E1E146F00E8726E /* FameFit Watch AppUITests */,
				0129645FCAA61B5556A26537 /* Products */,
			);
			sourceTree = "<group>";
		};
/* End PBXGroup section */

/* Begin PBXNativeTarget section */
		54804A6F2E1E146F00E8726E /* FameFit Watch AppUITests */ = {
			isa = PBXNativeTarget;
			buildConfigurationList = 54804A782E1E146F00E8726E /* Build configuration list for PBXNativeTarget "FameFit Watch AppUITests" */;
			buildPhases = (
				54804A6C2E1E146F00E8726E /* Sources */,
				54804A6D2E1E146F00E8726E /* Frameworks */,
				54804A6E2E1E146F00E8726E /* Resources */,
			);
			buildRules = (
			);
			dependencies = (
				54804A772E1E146F00E8726E /* PBXTargetDependency */,
			);
			fileSystemSynchronizedGroups = (
				54804A712E1E146F00E8726E /* FameFit Watch AppUITests */,
			);
			name = "FameFit Watch AppUITests";
			productName = "FameFit Watch AppUITests";
			productReference = 54804A702E1E146F00E8726E /* FameFit Watch AppUITests.xctest */;
			productType = "com.apple.product-type.bundle.ui-testing";
		};
		54D774D52E0F3BAE00791940 /* FameFit */ = {
			isa = PBXNativeTarget;
			buildConfigurationList = 54D775202E0F3BB200791940 /* Build configuration list for PBXNativeTarget "FameFit" */;
			buildPhases = (
				54D774D22E0F3BAE00791940 /* Sources */,
				54D774D32E0F3BAE00791940 /* Frameworks */,
				54D774D42E0F3BAE00791940 /* Resources */,
				54D7751F2E0F3BB200791940 /* Embed Watch Content */,
			);
			buildRules = (
			);
			dependencies = (
				54D774FC2E0F3BB100791940 /* PBXTargetDependency */,
			);
			fileSystemSynchronizedGroups = (
				54D774D82E0F3BAE00791940 /* FameFit */,
			);
			name = FameFit;
			productName = FameFit;
			productReference = 54603EFB2E1E03D0008D4778 /* FameFit.app */;
			productType = "com.apple.product-type.application";
		};
		54D774E22E0F3BB000791940 /* FameFitTests */ = {
			isa = PBXNativeTarget;
			buildConfigurationList = 54D775232E0F3BB200791940 /* Build configuration list for PBXNativeTarget "FameFitTests" */;
			buildPhases = (
				54D774DF2E0F3BB000791940 /* Sources */,
				54D774E02E0F3BB000791940 /* Frameworks */,
				54D774E12E0F3BB000791940 /* Resources */,
			);
			buildRules = (
			);
			dependencies = (
				54D774E52E0F3BB000791940 /* PBXTargetDependency */,
			);
			fileSystemSynchronizedGroups = (
				54D774E62E0F3BB000791940 /* FameFitTests */,
			);
			name = FameFitTests;
			productName = FameFitTests;
			productReference = 54603EFD2E1E03D0008D4778 /* FameFitTests.xctest */;
			productType = "com.apple.product-type.bundle.unit-test";
		};
		54D774EC2E0F3BB100791940 /* FameFitUITests */ = {
			isa = PBXNativeTarget;
			buildConfigurationList = 54D775262E0F3BB200791940 /* Build configuration list for PBXNativeTarget "FameFitUITests" */;
			buildPhases = (
				54D774E92E0F3BB100791940 /* Sources */,
				54D774EA2E0F3BB100791940 /* Frameworks */,
				54D774EB2E0F3BB100791940 /* Resources */,
			);
			buildRules = (
			);
			dependencies = (
				54D774EF2E0F3BB100791940 /* PBXTargetDependency */,
			);
			fileSystemSynchronizedGroups = (
				54D774F02E0F3BB100791940 /* FameFitUITests */,
			);
			name = FameFitUITests;
			productName = FameFitUITests;
			productReference = 54603EFE2E1E03D0008D4778 /* FameFitUITests.xctest */;
			productType = "com.apple.product-type.bundle.ui-testing";
		};
		54D774F82E0F3BB100791940 /* FameFit Watch App */ = {
			isa = PBXNativeTarget;
			buildConfigurationList = 54D7751C2E0F3BB200791940 /* Build configuration list for PBXNativeTarget "FameFit Watch App" */;
			buildPhases = (
				54D774F52E0F3BB100791940 /* Sources */,
				54D774F62E0F3BB100791940 /* Frameworks */,
				54D774F72E0F3BB100791940 /* Resources */,
			);
			buildRules = (
			);
			dependencies = (
			);
			fileSystemSynchronizedGroups = (
				54D774FD2E0F3BB100791940 /* FameFit Watch App */,
			);
			name = "FameFit Watch App";
			productName = "FameFit Watch App";
			productReference = 54603EFC2E1E03D0008D4778 /* FameFit Watch App.app */;
			productType = "com.apple.product-type.application";
		};
		54D775072E0F3BB200791940 /* FameFit Watch AppTests */ = {
			isa = PBXNativeTarget;
			buildConfigurationList = 54D775292E0F3BB200791940 /* Build configuration list for PBXNativeTarget "FameFit Watch AppTests" */;
			buildPhases = (
				54D775042E0F3BB200791940 /* Sources */,
				54D775052E0F3BB200791940 /* Frameworks */,
				54D775062E0F3BB200791940 /* Resources */,
			);
			buildRules = (
			);
			dependencies = (
				54D7750A2E0F3BB200791940 /* PBXTargetDependency */,
			);
			fileSystemSynchronizedGroups = (
				54D7750B2E0F3BB200791940 /* FameFit Watch AppTests */,
			);
			name = "FameFit Watch AppTests";
			productName = "FameFit Watch AppTests";
			productReference = 54603EFF2E1E03D0008D4778 /* FameFit Watch AppTests.xctest */;
			productType = "com.apple.product-type.bundle.unit-test";
		};
/* End PBXNativeTarget section */

/* Begin PBXProject section */
		54D774CE2E0F3BAE00791940 /* Project object */ = {
			isa = PBXProject;
			attributes = {
				BuildIndependentTargetsInParallel = 1;
				LastSwiftUpdateCheck = 1640;
				LastUpgradeCheck = 1640;
				TargetAttributes = {
					54804A6F2E1E146F00E8726E = {
						CreatedOnToolsVersion = 16.4;
						TestTargetID = 54D774F82E0F3BB100791940;
					};
					54D774D52E0F3BAE00791940 = {
						CreatedOnToolsVersion = 16.4;
					};
					54D774E22E0F3BB000791940 = {
						CreatedOnToolsVersion = 16.4;
						TestTargetID = 54D774D52E0F3BAE00791940;
					};
					54D774EC2E0F3BB100791940 = {
						CreatedOnToolsVersion = 16.4;
						TestTargetID = 54D774D52E0F3BAE00791940;
					};
					54D774F82E0F3BB100791940 = {
						CreatedOnToolsVersion = 16.4;
					};
					54D775072E0F3BB200791940 = {
						CreatedOnToolsVersion = 16.4;
						TestTargetID = 54D774F82E0F3BB100791940;
					};
				};
				productRefGroup = 0129645FCAA61B5556A26537;
			};
			buildConfigurationList = 54D774D12E0F3BAE00791940 /* Build configuration list for PBXProject "FameFit" */;
			developmentRegion = en;
			hasScannedForEncodings = 0;
			knownRegions = (
				en,
				Base,
			);
			mainGroup = 54D774CD2E0F3BAE00791940;
			minimizedProjectReferenceProxies = 1;
			preferredProjectObjectVersion = 77;
			productRefGroup = 54D774CD2E0F3BAE00791940;
			projectDirPath = "";
			projectRoot = "";
			targets = (
				54D774D52E0F3BAE00791940 /* FameFit */,
				54D774E22E0F3BB000791940 /* FameFitTests */,
				54D774EC2E0F3BB100791940 /* FameFitUITests */,
				54D774F82E0F3BB100791940 /* FameFit Watch App */,
				54D775072E0F3BB200791940 /* FameFit Watch AppTests */,
				54804A6F2E1E146F00E8726E /* FameFit Watch AppUITests */,
			);
		};
/* End PBXProject section */

/* Begin PBXResourcesBuildPhase section */
		54804A6E2E1E146F00E8726E /* Resources */ = {
			isa = PBXResourcesBuildPhase;
			buildActionMask = 2147483647;
			files = (
			);
			runOnlyForDeploymentPostprocessing = 0;
		};
		54D774D42E0F3BAE00791940 /* Resources */ = {
			isa = PBXResourcesBuildPhase;
			buildActionMask = 2147483647;
			files = (
			);
			runOnlyForDeploymentPostprocessing = 0;
		};
		54D774E12E0F3BB000791940 /* Resources */ = {
			isa = PBXResourcesBuildPhase;
			buildActionMask = 2147483647;
			files = (
			);
			runOnlyForDeploymentPostprocessing = 0;
		};
		54D774EB2E0F3BB100791940 /* Resources */ = {
			isa = PBXResourcesBuildPhase;
			buildActionMask = 2147483647;
			files = (
			);
			runOnlyForDeploymentPostprocessing = 0;
		};
		54D774F72E0F3BB100791940 /* Resources */ = {
			isa = PBXResourcesBuildPhase;
			buildActionMask = 2147483647;
			files = (
			);
			runOnlyForDeploymentPostprocessing = 0;
		};
		54D775062E0F3BB200791940 /* Resources */ = {
			isa = PBXResourcesBuildPhase;
			buildActionMask = 2147483647;
			files = (
			);
			runOnlyForDeploymentPostprocessing = 0;
		};
/* End PBXResourcesBuildPhase section */

/* Begin PBXSourcesBuildPhase section */
		54804A6C2E1E146F00E8726E /* Sources */ = {
			isa = PBXSourcesBuildPhase;
			buildActionMask = 2147483647;
			files = (
			);
			runOnlyForDeploymentPostprocessing = 0;
		};
		54D774D22E0F3BAE00791940 /* Sources */ = {
			isa = PBXSourcesBuildPhase;
			buildActionMask = 2147483647;
			files = (
			);
			runOnlyForDeploymentPostprocessing = 0;
		};
		54D774DF2E0F3BB000791940 /* Sources */ = {
			isa = PBXSourcesBuildPhase;
			buildActionMask = 2147483647;
			files = (
			);
			runOnlyForDeploymentPostprocessing = 0;
		};
		54D774E92E0F3BB100791940 /* Sources */ = {
			isa = PBXSourcesBuildPhase;
			buildActionMask = 2147483647;
			files = (
			);
			runOnlyForDeploymentPostprocessing = 0;
		};
		54D774F52E0F3BB100791940 /* Sources */ = {
			isa = PBXSourcesBuildPhase;
			buildActionMask = 2147483647;
			files = (
			);
			runOnlyForDeploymentPostprocessing = 0;
		};
		54D775042E0F3BB200791940 /* Sources */ = {
			isa = PBXSourcesBuildPhase;
			buildActionMask = 2147483647;
			files = (
			);
			runOnlyForDeploymentPostprocessing = 0;
		};
/* End PBXSourcesBuildPhase section */

/* Begin PBXTargetDependency section */
		54804A772E1E146F00E8726E /* PBXTargetDependency */ = {
			isa = PBXTargetDependency;
			target = 54D774F82E0F3BB100791940 /* FameFit Watch App */;
			targetProxy = 54804A762E1E146F00E8726E /* PBXContainerItemProxy */;
		};
		54D774E52E0F3BB000791940 /* PBXTargetDependency */ = {
			isa = PBXTargetDependency;
			target = 54D774D52E0F3BAE00791940 /* FameFit */;
			targetProxy = 54D774E42E0F3BB000791940 /* PBXContainerItemProxy */;
		};
		54D774EF2E0F3BB100791940 /* PBXTargetDependency */ = {
			isa = PBXTargetDependency;
			target = 54D774D52E0F3BAE00791940 /* FameFit */;
			targetProxy = 54D774EE2E0F3BB100791940 /* PBXContainerItemProxy */;
		};
		54D774FC2E0F3BB100791940 /* PBXTargetDependency */ = {
			isa = PBXTargetDependency;
			target = 54D774F82E0F3BB100791940 /* FameFit Watch App */;
			targetProxy = 54D774FB2E0F3BB100791940 /* PBXContainerItemProxy */;
		};
		54D7750A2E0F3BB200791940 /* PBXTargetDependency */ = {
			isa = PBXTargetDependency;
			target = 54D774F82E0F3BB100791940 /* FameFit Watch App */;
			targetProxy = 54D775092E0F3BB200791940 /* PBXContainerItemProxy */;
		};
/* End PBXTargetDependency section */

/* Begin XCBuildConfiguration section */
		055EECD8A090EAE836F8CD17 /* Test */ = {
			isa = XCBuildConfiguration;
			buildSettings = {
				ASSETCATALOG_COMPILER_APPICON_NAME = AppIcon;
				ASSETCATALOG_COMPILER_GLOBAL_ACCENT_COLOR_NAME = AccentColor;
				CODE_SIGN_ENTITLEMENTS = "FameFit Watch App/FameFit Watch App.entitlements";
				CODE_SIGN_STYLE = Automatic;
				CURRENT_PROJECT_VERSION = 6;
				DEVELOPMENT_TEAM = N6U46T7KKL;
				ENABLE_PREVIEWS = YES;
				GCC_PREPROCESSOR_DEFINITIONS = (
					"$(inherited)",
					"TEST=1",
				);
				GENERATE_INFOPLIST_FILE = YES;
				INFOPLIST_KEY_CFBundleDisplayName = FameFit;
				INFOPLIST_KEY_LSApplicationCategoryType = "public.app-category.healthcare-fitness";
				INFOPLIST_KEY_NSHealthShareUsageDescription = "FameFit reads your workout data to display your fitness progress and achievements.";
				INFOPLIST_KEY_NSHealthUpdateUsageDescription = "FameFit saves your workout sessions to track your fitness journey and calculate achievements.";
				INFOPLIST_KEY_UISupportedInterfaceOrientations = "UIInterfaceOrientationPortrait UIInterfaceOrientationPortraitUpsideDown";
				INFOPLIST_KEY_WKCompanionAppBundleIdentifier = com.jimmypocock.FameFit;
				INFOPLIST_KEY_WKRunsIndependentlyOfCompanionApp = NO;
				LD_RUNPATH_SEARCH_PATHS = (
					"$(inherited)",
					"@executable_path/Frameworks",
				);
				MARKETING_VERSION = 1.0.0;
				OTHER_SWIFT_FLAGS = "$(inherited) -DTEST";
				PRODUCT_BUNDLE_IDENTIFIER = com.jimmypocock.FameFit.watchkitapp;
				PRODUCT_NAME = "$(TARGET_NAME)";
				SDKROOT = watchos;
				SKIP_INSTALL = YES;
				SWIFT_EMIT_LOC_STRINGS = YES;
				SWIFT_VERSION = 5.0;
				TARGETED_DEVICE_FAMILY = 4;
				WATCHOS_DEPLOYMENT_TARGET = 11.0;
			};
			name = Test;
		};
		40A0E638A47F87395ADF1404 /* Test */ = {
			isa = XCBuildConfiguration;
			buildSettings = {
				BUNDLE_LOADER = "$(TEST_HOST)";
				CODE_SIGN_STYLE = Automatic;
				CURRENT_PROJECT_VERSION = 1;
				DEVELOPMENT_TEAM = N6U46T7KKL;
				GCC_PREPROCESSOR_DEFINITIONS = (
					"$(inherited)",
					"TEST=1",
				);
				GENERATE_INFOPLIST_FILE = YES;
				IPHONEOS_DEPLOYMENT_TARGET = 18.5;
				MARKETING_VERSION = 1.0;
				OTHER_SWIFT_FLAGS = "$(inherited) -DTEST";
				PRODUCT_BUNDLE_IDENTIFIER = com.jimmypocock.FameFit.Tests;
				PRODUCT_NAME = "$(TARGET_NAME)";
				SDKROOT = iphoneos;
				SWIFT_EMIT_LOC_STRINGS = NO;
				SWIFT_VERSION = 5.0;
				TARGETED_DEVICE_FAMILY = "1,2";
				TEST_HOST = "$(BUILT_PRODUCTS_DIR)/FameFit.app/$(BUNDLE_EXECUTABLE_FOLDER_PATH)/FameFit";
			};
			name = Test;
		};
		54804A792E1E146F00E8726E /* Debug */ = {
			isa = XCBuildConfiguration;
			buildSettings = {
				CODE_SIGN_STYLE = Automatic;
				CURRENT_PROJECT_VERSION = 1;
				DEVELOPMENT_TEAM = N6U46T7KKL;
				GENERATE_INFOPLIST_FILE = YES;
				MARKETING_VERSION = 1.0;
				PRODUCT_BUNDLE_IDENTIFIER = com.jimmypocock.FameFit.WatchUITests;
				PRODUCT_NAME = "$(TARGET_NAME)";
				SDKROOT = watchos;
				SWIFT_EMIT_LOC_STRINGS = NO;
				SWIFT_VERSION = 5.0;
				TARGETED_DEVICE_FAMILY = 4;
				TEST_TARGET_NAME = "FameFit Watch App";
				USES_XCTRUNNER = YES;
				WATCHOS_DEPLOYMENT_TARGET = 11.5;
			};
			name = Debug;
		};
		54804A7A2E1E146F00E8726E /* Release */ = {
			isa = XCBuildConfiguration;
			buildSettings = {
				CODE_SIGN_STYLE = Automatic;
				CURRENT_PROJECT_VERSION = 1;
				DEVELOPMENT_TEAM = N6U46T7KKL;
				GENERATE_INFOPLIST_FILE = YES;
				MARKETING_VERSION = 1.0;
				PRODUCT_BUNDLE_IDENTIFIER = com.jimmypocock.FameFit.WatchUITests;
				PRODUCT_NAME = "$(TARGET_NAME)";
				SDKROOT = watchos;
				SWIFT_EMIT_LOC_STRINGS = NO;
				SWIFT_VERSION = 5.0;
				TARGETED_DEVICE_FAMILY = 4;
				TEST_TARGET_NAME = "FameFit Watch App";
				USES_XCTRUNNER = YES;
				VALIDATE_PRODUCT = YES;
				WATCHOS_DEPLOYMENT_TARGET = 11.5;
			};
			name = Release;
		};
		54D7751A2E0F3BB200791940 /* Debug */ = {
			isa = XCBuildConfiguration;
			buildSettings = {
				ALWAYS_SEARCH_USER_PATHS = NO;
				ASSETCATALOG_COMPILER_GENERATE_SWIFT_ASSET_SYMBOL_EXTENSIONS = YES;
				CLANG_ANALYZER_NONNULL = YES;
				CLANG_ANALYZER_NUMBER_OBJECT_CONVERSION = YES_AGGRESSIVE;
				CLANG_CXX_LANGUAGE_STANDARD = "gnu++20";
				CLANG_ENABLE_MODULES = YES;
				CLANG_ENABLE_OBJC_ARC = YES;
				CLANG_ENABLE_OBJC_WEAK = YES;
				CLANG_WARN_BLOCK_CAPTURE_AUTORELEASING = YES;
				CLANG_WARN_BOOL_CONVERSION = YES;
				CLANG_WARN_COMMA = YES;
				CLANG_WARN_CONSTANT_CONVERSION = YES;
				CLANG_WARN_DEPRECATED_OBJC_IMPLEMENTATIONS = YES;
				CLANG_WARN_DIRECT_OBJC_ISA_USAGE = YES_ERROR;
				CLANG_WARN_DOCUMENTATION_COMMENTS = YES;
				CLANG_WARN_EMPTY_BODY = YES;
				CLANG_WARN_ENUM_CONVERSION = YES;
				CLANG_WARN_INFINITE_RECURSION = YES;
				CLANG_WARN_INT_CONVERSION = YES;
				CLANG_WARN_NON_LITERAL_NULL_CONVERSION = YES;
				CLANG_WARN_OBJC_IMPLICIT_RETAIN_SELF = YES;
				CLANG_WARN_OBJC_LITERAL_CONVERSION = YES;
				CLANG_WARN_OBJC_ROOT_CLASS = YES_ERROR;
				CLANG_WARN_QUOTED_INCLUDE_IN_FRAMEWORK_HEADER = YES;
				CLANG_WARN_RANGE_LOOP_ANALYSIS = YES;
				CLANG_WARN_STRICT_PROTOTYPES = YES;
				CLANG_WARN_SUSPICIOUS_MOVE = YES;
				CLANG_WARN_UNGUARDED_AVAILABILITY = YES_AGGRESSIVE;
				CLANG_WARN_UNREACHABLE_CODE = YES;
				CLANG_WARN__DUPLICATE_METHOD_MATCH = YES;
				COPY_PHASE_STRIP = NO;
				DEBUG_INFORMATION_FORMAT = dwarf;
				DEVELOPMENT_TEAM = N6U46T7KKL;
				ENABLE_STRICT_OBJC_MSGSEND = YES;
				ENABLE_TESTABILITY = YES;
				ENABLE_USER_SCRIPT_SANDBOXING = YES;
				GCC_C_LANGUAGE_STANDARD = gnu17;
				GCC_DYNAMIC_NO_PIC = NO;
				GCC_NO_COMMON_BLOCKS = YES;
				GCC_OPTIMIZATION_LEVEL = 0;
				GCC_PREPROCESSOR_DEFINITIONS = (
					"DEBUG=1",
					"$(inherited)",
				);
				GCC_WARN_64_TO_32_BIT_CONVERSION = YES;
				GCC_WARN_ABOUT_RETURN_TYPE = YES_ERROR;
				GCC_WARN_UNDECLARED_SELECTOR = YES;
				GCC_WARN_UNINITIALIZED_AUTOS = YES_AGGRESSIVE;
				GCC_WARN_UNUSED_FUNCTION = YES;
				GCC_WARN_UNUSED_VARIABLE = YES;
				LOCALIZATION_PREFERS_STRING_CATALOGS = YES;
				MTL_ENABLE_DEBUG_INFO = INCLUDE_SOURCE;
				MTL_FAST_MATH = YES;
				ONLY_ACTIVE_ARCH = YES;
				SWIFT_ACTIVE_COMPILATION_CONDITIONS = "DEBUG $(inherited)";
				SWIFT_OPTIMIZATION_LEVEL = "-Onone";
			};
			name = Debug;
		};
		54D7751B2E0F3BB200791940 /* Release */ = {
			isa = XCBuildConfiguration;
			buildSettings = {
				ALWAYS_SEARCH_USER_PATHS = NO;
				ASSETCATALOG_COMPILER_GENERATE_SWIFT_ASSET_SYMBOL_EXTENSIONS = YES;
				CLANG_ANALYZER_NONNULL = YES;
				CLANG_ANALYZER_NUMBER_OBJECT_CONVERSION = YES_AGGRESSIVE;
				CLANG_CXX_LANGUAGE_STANDARD = "gnu++20";
				CLANG_ENABLE_MODULES = YES;
				CLANG_ENABLE_OBJC_ARC = YES;
				CLANG_ENABLE_OBJC_WEAK = YES;
				CLANG_WARN_BLOCK_CAPTURE_AUTORELEASING = YES;
				CLANG_WARN_BOOL_CONVERSION = YES;
				CLANG_WARN_COMMA = YES;
				CLANG_WARN_CONSTANT_CONVERSION = YES;
				CLANG_WARN_DEPRECATED_OBJC_IMPLEMENTATIONS = YES;
				CLANG_WARN_DIRECT_OBJC_ISA_USAGE = YES_ERROR;
				CLANG_WARN_DOCUMENTATION_COMMENTS = YES;
				CLANG_WARN_EMPTY_BODY = YES;
				CLANG_WARN_ENUM_CONVERSION = YES;
				CLANG_WARN_INFINITE_RECURSION = YES;
				CLANG_WARN_INT_CONVERSION = YES;
				CLANG_WARN_NON_LITERAL_NULL_CONVERSION = YES;
				CLANG_WARN_OBJC_IMPLICIT_RETAIN_SELF = YES;
				CLANG_WARN_OBJC_LITERAL_CONVERSION = YES;
				CLANG_WARN_OBJC_ROOT_CLASS = YES_ERROR;
				CLANG_WARN_QUOTED_INCLUDE_IN_FRAMEWORK_HEADER = YES;
				CLANG_WARN_RANGE_LOOP_ANALYSIS = YES;
				CLANG_WARN_STRICT_PROTOTYPES = YES;
				CLANG_WARN_SUSPICIOUS_MOVE = YES;
				CLANG_WARN_UNGUARDED_AVAILABILITY = YES_AGGRESSIVE;
				CLANG_WARN_UNREACHABLE_CODE = YES;
				CLANG_WARN__DUPLICATE_METHOD_MATCH = YES;
				COPY_PHASE_STRIP = NO;
				DEBUG_INFORMATION_FORMAT = "dwarf-with-dsym";
				DEVELOPMENT_TEAM = N6U46T7KKL;
				ENABLE_NS_ASSERTIONS = NO;
				ENABLE_STRICT_OBJC_MSGSEND = YES;
				ENABLE_USER_SCRIPT_SANDBOXING = YES;
				GCC_C_LANGUAGE_STANDARD = gnu17;
				GCC_NO_COMMON_BLOCKS = YES;
				GCC_WARN_64_TO_32_BIT_CONVERSION = YES;
				GCC_WARN_ABOUT_RETURN_TYPE = YES_ERROR;
				GCC_WARN_UNDECLARED_SELECTOR = YES;
				GCC_WARN_UNINITIALIZED_AUTOS = YES_AGGRESSIVE;
				GCC_WARN_UNUSED_FUNCTION = YES;
				GCC_WARN_UNUSED_VARIABLE = YES;
				LOCALIZATION_PREFERS_STRING_CATALOGS = YES;
				MTL_ENABLE_DEBUG_INFO = NO;
				MTL_FAST_MATH = YES;
				SWIFT_COMPILATION_MODE = wholemodule;
			};
			name = Release;
		};
		54D7751D2E0F3BB200791940 /* Debug */ = {
			isa = XCBuildConfiguration;
			buildSettings = {
				ASSETCATALOG_COMPILER_APPICON_NAME = AppIcon;
				ASSETCATALOG_COMPILER_GLOBAL_ACCENT_COLOR_NAME = AccentColor;
				CODE_SIGN_ENTITLEMENTS = "FameFit Watch App/FameFit Watch App.entitlements";
				CODE_SIGN_STYLE = Automatic;
				CURRENT_PROJECT_VERSION = 6;
				DEVELOPMENT_TEAM = N6U46T7KKL;
				ENABLE_PREVIEWS = YES;
				GENERATE_INFOPLIST_FILE = YES;
				INFOPLIST_KEY_CFBundleDisplayName = FameFit;
				INFOPLIST_KEY_LSApplicationCategoryType = "public.app-category.healthcare-fitness";
				INFOPLIST_KEY_NSHealthShareUsageDescription = "FameFit reads your workout data to display your fitness progress and achievements.";
				INFOPLIST_KEY_NSHealthUpdateUsageDescription = "FameFit saves your workout sessions to track your fitness journey and calculate achievements.";
				INFOPLIST_KEY_UISupportedInterfaceOrientations = "UIInterfaceOrientationPortrait UIInterfaceOrientationPortraitUpsideDown";
				INFOPLIST_KEY_WKCompanionAppBundleIdentifier = com.jimmypocock.FameFit;
				INFOPLIST_KEY_WKRunsIndependentlyOfCompanionApp = NO;
				LD_RUNPATH_SEARCH_PATHS = (
					"$(inherited)",
					"@executable_path/Frameworks",
				);
				MARKETING_VERSION = 1.0.0;
				PRODUCT_BUNDLE_IDENTIFIER = com.jimmypocock.FameFit.watchkitapp;
				PRODUCT_NAME = "$(TARGET_NAME)";
				SDKROOT = watchos;
				SKIP_INSTALL = YES;
				SWIFT_EMIT_LOC_STRINGS = YES;
				SWIFT_VERSION = 5.0;
				TARGETED_DEVICE_FAMILY = 4;
				WATCHOS_DEPLOYMENT_TARGET = 11.0;
			};
			name = Debug;
		};
		54D7751E2E0F3BB200791940 /* Release */ = {
			isa = XCBuildConfiguration;
			buildSettings = {
				ASSETCATALOG_COMPILER_APPICON_NAME = AppIcon;
				ASSETCATALOG_COMPILER_GLOBAL_ACCENT_COLOR_NAME = AccentColor;
				CODE_SIGN_ENTITLEMENTS = "FameFit Watch App/FameFit Watch App.entitlements";
				CODE_SIGN_STYLE = Automatic;
				CURRENT_PROJECT_VERSION = 6;
				DEVELOPMENT_TEAM = N6U46T7KKL;
				ENABLE_PREVIEWS = YES;
				GENERATE_INFOPLIST_FILE = YES;
				INFOPLIST_KEY_CFBundleDisplayName = FameFit;
				INFOPLIST_KEY_LSApplicationCategoryType = "public.app-category.healthcare-fitness";
				INFOPLIST_KEY_NSHealthShareUsageDescription = "FameFit reads your workout data to display your fitness progress and achievements.";
				INFOPLIST_KEY_NSHealthUpdateUsageDescription = "FameFit saves your workout sessions to track your fitness journey and calculate achievements.";
				INFOPLIST_KEY_UISupportedInterfaceOrientations = "UIInterfaceOrientationPortrait UIInterfaceOrientationPortraitUpsideDown";
				INFOPLIST_KEY_WKCompanionAppBundleIdentifier = com.jimmypocock.FameFit;
				INFOPLIST_KEY_WKRunsIndependentlyOfCompanionApp = NO;
				LD_RUNPATH_SEARCH_PATHS = (
					"$(inherited)",
					"@executable_path/Frameworks",
				);
				MARKETING_VERSION = 1.0.0;
				PRODUCT_BUNDLE_IDENTIFIER = com.jimmypocock.FameFit.watchkitapp;
				PRODUCT_NAME = "$(TARGET_NAME)";
				SDKROOT = watchos;
				SKIP_INSTALL = YES;
				SWIFT_EMIT_LOC_STRINGS = YES;
				SWIFT_VERSION = 5.0;
				TARGETED_DEVICE_FAMILY = 4;
				VALIDATE_PRODUCT = YES;
				WATCHOS_DEPLOYMENT_TARGET = 11.0;
			};
			name = Release;
		};
		54D775212E0F3BB200791940 /* Debug */ = {
			isa = XCBuildConfiguration;
			buildSettings = {
				ASSETCATALOG_COMPILER_APPICON_NAME = AppIcon;
				ASSETCATALOG_COMPILER_GLOBAL_ACCENT_COLOR_NAME = AccentColor;
				CODE_SIGN_ENTITLEMENTS = FameFit/FameFit.entitlements;
				CODE_SIGN_IDENTITY = "Apple Development";
				CODE_SIGN_STYLE = Automatic;
				CURRENT_PROJECT_VERSION = 6;
				DEVELOPMENT_TEAM = N6U46T7KKL;
				ENABLE_PREVIEWS = YES;
				GENERATE_INFOPLIST_FILE = YES;
				INFOPLIST_FILE = FameFit/Info.plist;
				INFOPLIST_KEY_CFBundleDisplayName = FameFit;
				INFOPLIST_KEY_UIApplicationSceneManifest_Generation = YES;
				INFOPLIST_KEY_UIApplicationSupportsIndirectInputEvents = YES;
				INFOPLIST_KEY_UILaunchScreen_Generation = YES;
				INFOPLIST_KEY_UISupportedInterfaceOrientations_iPad = "UIInterfaceOrientationPortrait UIInterfaceOrientationPortraitUpsideDown UIInterfaceOrientationLandscapeLeft UIInterfaceOrientationLandscapeRight";
				INFOPLIST_KEY_UISupportedInterfaceOrientations_iPhone = "UIInterfaceOrientationPortrait UIInterfaceOrientationLandscapeLeft UIInterfaceOrientationLandscapeRight";
				IPHONEOS_DEPLOYMENT_TARGET = 18.5;
				LD_RUNPATH_SEARCH_PATHS = (
					"$(inherited)",
					"@executable_path/Frameworks",
				);
				MARKETING_VERSION = 1.0.0;
				PRODUCT_BUNDLE_IDENTIFIER = com.jimmypocock.FameFit;
				PRODUCT_NAME = "$(TARGET_NAME)";
				PROVISIONING_PROFILE_SPECIFIER = "";
				SDKROOT = iphoneos;
				SWIFT_EMIT_LOC_STRINGS = YES;
				SWIFT_VERSION = 5.0;
				TARGETED_DEVICE_FAMILY = "1,2";
			};
			name = Debug;
		};
		54D775222E0F3BB200791940 /* Release */ = {
			isa = XCBuildConfiguration;
			buildSettings = {
				ASSETCATALOG_COMPILER_APPICON_NAME = AppIcon;
				ASSETCATALOG_COMPILER_GLOBAL_ACCENT_COLOR_NAME = AccentColor;
				CODE_SIGN_ENTITLEMENTS = FameFit/FameFit.entitlements;
				CODE_SIGN_IDENTITY = "Apple Development";
				CODE_SIGN_STYLE = Automatic;
				CURRENT_PROJECT_VERSION = 6;
				DEVELOPMENT_TEAM = N6U46T7KKL;
				ENABLE_PREVIEWS = YES;
				GENERATE_INFOPLIST_FILE = YES;
				INFOPLIST_FILE = FameFit/Info.plist;
				INFOPLIST_KEY_CFBundleDisplayName = FameFit;
				INFOPLIST_KEY_UIApplicationSceneManifest_Generation = YES;
				INFOPLIST_KEY_UIApplicationSupportsIndirectInputEvents = YES;
				INFOPLIST_KEY_UILaunchScreen_Generation = YES;
				INFOPLIST_KEY_UISupportedInterfaceOrientations_iPad = "UIInterfaceOrientationPortrait UIInterfaceOrientationPortraitUpsideDown UIInterfaceOrientationLandscapeLeft UIInterfaceOrientationLandscapeRight";
				INFOPLIST_KEY_UISupportedInterfaceOrientations_iPhone = "UIInterfaceOrientationPortrait UIInterfaceOrientationLandscapeLeft UIInterfaceOrientationLandscapeRight";
				IPHONEOS_DEPLOYMENT_TARGET = 18.5;
				LD_RUNPATH_SEARCH_PATHS = (
					"$(inherited)",
					"@executable_path/Frameworks",
				);
				MARKETING_VERSION = 1.0.0;
				PRODUCT_BUNDLE_IDENTIFIER = com.jimmypocock.FameFit;
				PRODUCT_NAME = "$(TARGET_NAME)";
				PROVISIONING_PROFILE_SPECIFIER = "";
				SDKROOT = iphoneos;
				SWIFT_EMIT_LOC_STRINGS = YES;
				SWIFT_VERSION = 5.0;
				TARGETED_DEVICE_FAMILY = "1,2";
				VALIDATE_PRODUCT = YES;
			};
			name = Release;
		};
		54D775242E0F3BB200791940 /* Debug */ = {
			isa = XCBuildConfiguration;
			buildSettings = {
				BUNDLE_LOADER = "$(TEST_HOST)";
				CODE_SIGN_STYLE = Automatic;
				CURRENT_PROJECT_VERSION = 1;
				DEVELOPMENT_TEAM = N6U46T7KKL;
				GENERATE_INFOPLIST_FILE = YES;
				IPHONEOS_DEPLOYMENT_TARGET = 18.5;
				MARKETING_VERSION = 1.0;
				PRODUCT_BUNDLE_IDENTIFIER = com.jimmypocock.FameFit.Tests;
				PRODUCT_NAME = "$(TARGET_NAME)";
				SDKROOT = iphoneos;
				SWIFT_EMIT_LOC_STRINGS = NO;
				SWIFT_VERSION = 5.0;
				TARGETED_DEVICE_FAMILY = "1,2";
				TEST_HOST = "$(BUILT_PRODUCTS_DIR)/FameFit.app/$(BUNDLE_EXECUTABLE_FOLDER_PATH)/FameFit";
			};
			name = Debug;
		};
		54D775252E0F3BB200791940 /* Release */ = {
			isa = XCBuildConfiguration;
			buildSettings = {
				BUNDLE_LOADER = "$(TEST_HOST)";
				CODE_SIGN_STYLE = Automatic;
				CURRENT_PROJECT_VERSION = 1;
				DEVELOPMENT_TEAM = N6U46T7KKL;
				GENERATE_INFOPLIST_FILE = YES;
				IPHONEOS_DEPLOYMENT_TARGET = 18.5;
				MARKETING_VERSION = 1.0;
				PRODUCT_BUNDLE_IDENTIFIER = com.jimmypocock.FameFit.Tests;
				PRODUCT_NAME = "$(TARGET_NAME)";
				SDKROOT = iphoneos;
				SWIFT_EMIT_LOC_STRINGS = NO;
				SWIFT_VERSION = 5.0;
				TARGETED_DEVICE_FAMILY = "1,2";
				TEST_HOST = "$(BUILT_PRODUCTS_DIR)/FameFit.app/$(BUNDLE_EXECUTABLE_FOLDER_PATH)/FameFit";
				VALIDATE_PRODUCT = YES;
			};
			name = Release;
		};
		54D775272E0F3BB200791940 /* Debug */ = {
			isa = XCBuildConfiguration;
			buildSettings = {
				CODE_SIGN_STYLE = Automatic;
				CURRENT_PROJECT_VERSION = 1;
				DEVELOPMENT_TEAM = N6U46T7KKL;
				GENERATE_INFOPLIST_FILE = YES;
				IPHONEOS_DEPLOYMENT_TARGET = 18.5;
				MARKETING_VERSION = 1.0;
				PRODUCT_BUNDLE_IDENTIFIER = com.jimmypocock.FameFit.UITests;
				PRODUCT_NAME = "$(TARGET_NAME)";
				SDKROOT = iphoneos;
				SWIFT_EMIT_LOC_STRINGS = NO;
				SWIFT_VERSION = 5.0;
				TARGETED_DEVICE_FAMILY = "1,2";
				TEST_TARGET_NAME = FameFit;
				USES_XCTRUNNER = YES;
			};
			name = Debug;
		};
		54D775282E0F3BB200791940 /* Release */ = {
			isa = XCBuildConfiguration;
			buildSettings = {
				CODE_SIGN_STYLE = Automatic;
				CURRENT_PROJECT_VERSION = 1;
				DEVELOPMENT_TEAM = N6U46T7KKL;
				GENERATE_INFOPLIST_FILE = YES;
				IPHONEOS_DEPLOYMENT_TARGET = 18.5;
				MARKETING_VERSION = 1.0;
				PRODUCT_BUNDLE_IDENTIFIER = com.jimmypocock.FameFit.UITests;
				PRODUCT_NAME = "$(TARGET_NAME)";
				SDKROOT = iphoneos;
				SWIFT_EMIT_LOC_STRINGS = NO;
				SWIFT_VERSION = 5.0;
				TARGETED_DEVICE_FAMILY = "1,2";
				TEST_TARGET_NAME = FameFit;
				USES_XCTRUNNER = YES;
				VALIDATE_PRODUCT = YES;
			};
			name = Release;
		};
		54D7752A2E0F3BB200791940 /* Debug */ = {
			isa = XCBuildConfiguration;
			buildSettings = {
				BUNDLE_LOADER = "$(TEST_HOST)";
				CODE_SIGN_STYLE = Automatic;
				CURRENT_PROJECT_VERSION = 1;
				DEVELOPMENT_TEAM = N6U46T7KKL;
				GENERATE_INFOPLIST_FILE = YES;
				MARKETING_VERSION = 1.0;
				PRODUCT_BUNDLE_IDENTIFIER = com.jimmypocock.FameFit.WatchTests;
				PRODUCT_NAME = "$(TARGET_NAME)";
				SDKROOT = watchos;
				SWIFT_EMIT_LOC_STRINGS = NO;
				SWIFT_VERSION = 5.0;
				TARGETED_DEVICE_FAMILY = 4;
				TEST_HOST = "$(BUILT_PRODUCTS_DIR)/FameFit Watch App.app/$(BUNDLE_EXECUTABLE_FOLDER_PATH)/FameFit Watch App";
				WATCHOS_DEPLOYMENT_TARGET = 11.5;
			};
			name = Debug;
		};
		54D7752B2E0F3BB200791940 /* Release */ = {
			isa = XCBuildConfiguration;
			buildSettings = {
				BUNDLE_LOADER = "$(TEST_HOST)";
				CODE_SIGN_STYLE = Automatic;
				CURRENT_PROJECT_VERSION = 1;
				DEVELOPMENT_TEAM = N6U46T7KKL;
				GENERATE_INFOPLIST_FILE = YES;
				MARKETING_VERSION = 1.0;
				PRODUCT_BUNDLE_IDENTIFIER = com.jimmypocock.FameFit.WatchTests;
				PRODUCT_NAME = "$(TARGET_NAME)";
				SDKROOT = watchos;
				SWIFT_EMIT_LOC_STRINGS = NO;
				SWIFT_VERSION = 5.0;
				TARGETED_DEVICE_FAMILY = 4;
				TEST_HOST = "$(BUILT_PRODUCTS_DIR)/FameFit Watch App.app/$(BUNDLE_EXECUTABLE_FOLDER_PATH)/FameFit Watch App";
				VALIDATE_PRODUCT = YES;
				WATCHOS_DEPLOYMENT_TARGET = 11.5;
			};
			name = Release;
		};
		5DB0EE45C831D29522DC33A5 /* Test */ = {
			isa = XCBuildConfiguration;
			buildSettings = {
				CODE_SIGN_STYLE = Automatic;
				CURRENT_PROJECT_VERSION = 1;
				DEVELOPMENT_TEAM = N6U46T7KKL;
				GCC_PREPROCESSOR_DEFINITIONS = (
					"$(inherited)",
					"TEST=1",
				);
				GENERATE_INFOPLIST_FILE = YES;
				IPHONEOS_DEPLOYMENT_TARGET = 18.5;
				MARKETING_VERSION = 1.0;
				OTHER_SWIFT_FLAGS = "$(inherited) -DTEST";
				PRODUCT_BUNDLE_IDENTIFIER = com.jimmypocock.FameFit.UITests;
				PRODUCT_NAME = "$(TARGET_NAME)";
				SDKROOT = iphoneos;
				SWIFT_EMIT_LOC_STRINGS = NO;
				SWIFT_VERSION = 5.0;
				TARGETED_DEVICE_FAMILY = "1,2";
				TEST_TARGET_NAME = FameFit;
				USES_XCTRUNNER = YES;
			};
			name = Test;
		};
		7A91C4DC242960AB33EDED14 /* Test */ = {
			isa = XCBuildConfiguration;
			buildSettings = {
				ASSETCATALOG_COMPILER_APPICON_NAME = AppIcon;
				ASSETCATALOG_COMPILER_GLOBAL_ACCENT_COLOR_NAME = AccentColor;
				CODE_SIGN_ENTITLEMENTS = FameFit/FameFit.entitlements;
				CODE_SIGN_IDENTITY = "Apple Development";
				CODE_SIGN_STYLE = Automatic;
				CURRENT_PROJECT_VERSION = 6;
				DEVELOPMENT_TEAM = N6U46T7KKL;
				ENABLE_PREVIEWS = YES;
				GCC_PREPROCESSOR_DEFINITIONS = (
					"$(inherited)",
					"TEST=1",
				);
				GENERATE_INFOPLIST_FILE = YES;
				INFOPLIST_FILE = FameFit/Info.plist;
				INFOPLIST_KEY_CFBundleDisplayName = FameFit;
				INFOPLIST_KEY_UIApplicationSceneManifest_Generation = YES;
				INFOPLIST_KEY_UIApplicationSupportsIndirectInputEvents = YES;
				INFOPLIST_KEY_UILaunchScreen_Generation = YES;
				INFOPLIST_KEY_UISupportedInterfaceOrientations_iPad = "UIInterfaceOrientationPortrait UIInterfaceOrientationPortraitUpsideDown UIInterfaceOrientationLandscapeLeft UIInterfaceOrientationLandscapeRight";
				INFOPLIST_KEY_UISupportedInterfaceOrientations_iPhone = "UIInterfaceOrientationPortrait UIInterfaceOrientationLandscapeLeft UIInterfaceOrientationLandscapeRight";
				IPHONEOS_DEPLOYMENT_TARGET = 18.5;
				LD_RUNPATH_SEARCH_PATHS = (
					"$(inherited)",
					"@executable_path/Frameworks",
				);
				MARKETING_VERSION = 1.0.0;
				OTHER_SWIFT_FLAGS = "$(inherited) -DTEST";
				PRODUCT_BUNDLE_IDENTIFIER = com.jimmypocock.FameFit;
				PRODUCT_NAME = "$(TARGET_NAME)";
				PROVISIONING_PROFILE_SPECIFIER = "";
				SDKROOT = iphoneos;
				SWIFT_EMIT_LOC_STRINGS = YES;
				SWIFT_VERSION = 5.0;
				TARGETED_DEVICE_FAMILY = "1,2";
			};
			name = Test;
		};
		D4EAD3F95C11EE9737B1EF1E /* Test */ = {
			isa = XCBuildConfiguration;
			buildSettings = {
				CODE_SIGN_STYLE = Automatic;
				CURRENT_PROJECT_VERSION = 1;
				DEVELOPMENT_TEAM = N6U46T7KKL;
				GCC_PREPROCESSOR_DEFINITIONS = (
					"$(inherited)",
					"TEST=1",
				);
				GENERATE_INFOPLIST_FILE = YES;
				MARKETING_VERSION = 1.0;
				OTHER_SWIFT_FLAGS = "$(inherited) -DTEST";
				PRODUCT_BUNDLE_IDENTIFIER = com.jimmypocock.FameFit.WatchUITests;
				PRODUCT_NAME = "$(TARGET_NAME)";
				SDKROOT = watchos;
				SWIFT_EMIT_LOC_STRINGS = NO;
				SWIFT_VERSION = 5.0;
				TARGETED_DEVICE_FAMILY = 4;
				TEST_TARGET_NAME = "FameFit Watch App";
				USES_XCTRUNNER = YES;
				WATCHOS_DEPLOYMENT_TARGET = 11.5;
			};
			name = Test;
		};
		F37C054727DF643A19391A3C /* Test */ = {
			isa = XCBuildConfiguration;
			buildSettings = {
				ALWAYS_SEARCH_USER_PATHS = NO;
				ASSETCATALOG_COMPILER_GENERATE_SWIFT_ASSET_SYMBOL_EXTENSIONS = YES;
				CLANG_ANALYZER_NONNULL = YES;
				CLANG_ANALYZER_NUMBER_OBJECT_CONVERSION = YES_AGGRESSIVE;
				CLANG_CXX_LANGUAGE_STANDARD = "gnu++20";
				CLANG_ENABLE_MODULES = YES;
				CLANG_ENABLE_OBJC_ARC = YES;
				CLANG_ENABLE_OBJC_WEAK = YES;
				CLANG_WARN_BLOCK_CAPTURE_AUTORELEASING = YES;
				CLANG_WARN_BOOL_CONVERSION = YES;
				CLANG_WARN_COMMA = YES;
				CLANG_WARN_CONSTANT_CONVERSION = YES;
				CLANG_WARN_DEPRECATED_OBJC_IMPLEMENTATIONS = YES;
				CLANG_WARN_DIRECT_OBJC_ISA_USAGE = YES_ERROR;
				CLANG_WARN_DOCUMENTATION_COMMENTS = YES;
				CLANG_WARN_EMPTY_BODY = YES;
				CLANG_WARN_ENUM_CONVERSION = YES;
				CLANG_WARN_INFINITE_RECURSION = YES;
				CLANG_WARN_INT_CONVERSION = YES;
				CLANG_WARN_NON_LITERAL_NULL_CONVERSION = YES;
				CLANG_WARN_OBJC_IMPLICIT_RETAIN_SELF = YES;
				CLANG_WARN_OBJC_LITERAL_CONVERSION = YES;
				CLANG_WARN_OBJC_ROOT_CLASS = YES_ERROR;
				CLANG_WARN_QUOTED_INCLUDE_IN_FRAMEWORK_HEADER = YES;
				CLANG_WARN_RANGE_LOOP_ANALYSIS = YES;
				CLANG_WARN_STRICT_PROTOTYPES = YES;
				CLANG_WARN_SUSPICIOUS_MOVE = YES;
				CLANG_WARN_UNGUARDED_AVAILABILITY = YES_AGGRESSIVE;
				CLANG_WARN_UNREACHABLE_CODE = YES;
				CLANG_WARN__DUPLICATE_METHOD_MATCH = YES;
				COPY_PHASE_STRIP = NO;
				DEBUG_INFORMATION_FORMAT = dwarf;
				DEVELOPMENT_TEAM = N6U46T7KKL;
				ENABLE_STRICT_OBJC_MSGSEND = YES;
				ENABLE_TESTABILITY = YES;
				ENABLE_USER_SCRIPT_SANDBOXING = YES;
				GCC_C_LANGUAGE_STANDARD = gnu17;
				GCC_DYNAMIC_NO_PIC = NO;
				GCC_NO_COMMON_BLOCKS = YES;
				GCC_OPTIMIZATION_LEVEL = 0;
				GCC_PREPROCESSOR_DEFINITIONS = (
					"$(inherited)",
					"TEST=1",
				);
				GCC_WARN_64_TO_32_BIT_CONVERSION = YES;
				GCC_WARN_ABOUT_RETURN_TYPE = YES_ERROR;
				GCC_WARN_UNDECLARED_SELECTOR = YES;
				GCC_WARN_UNINITIALIZED_AUTOS = YES_AGGRESSIVE;
				GCC_WARN_UNUSED_FUNCTION = YES;
				GCC_WARN_UNUSED_VARIABLE = YES;
				LOCALIZATION_PREFERS_STRING_CATALOGS = YES;
				MTL_ENABLE_DEBUG_INFO = INCLUDE_SOURCE;
				MTL_FAST_MATH = YES;
				ONLY_ACTIVE_ARCH = YES;
				OTHER_SWIFT_FLAGS = "$(inherited) -DTEST";
				SWIFT_ACTIVE_COMPILATION_CONDITIONS = "DEBUG $(inherited)";
				SWIFT_OPTIMIZATION_LEVEL = "-Onone";
			};
			name = Test;
		};
		F98D37B31ECCB814F64FA890 /* Test */ = {
			isa = XCBuildConfiguration;
			buildSettings = {
				BUNDLE_LOADER = "$(TEST_HOST)";
				CODE_SIGN_STYLE = Automatic;
				CURRENT_PROJECT_VERSION = 1;
				DEVELOPMENT_TEAM = N6U46T7KKL;
				GCC_PREPROCESSOR_DEFINITIONS = (
					"$(inherited)",
					"TEST=1",
				);
				GENERATE_INFOPLIST_FILE = YES;
				MARKETING_VERSION = 1.0;
				OTHER_SWIFT_FLAGS = "$(inherited) -DTEST";
				PRODUCT_BUNDLE_IDENTIFIER = com.jimmypocock.FameFit.WatchTests;
				PRODUCT_NAME = "$(TARGET_NAME)";
				SDKROOT = watchos;
				SWIFT_EMIT_LOC_STRINGS = NO;
				SWIFT_VERSION = 5.0;
				TARGETED_DEVICE_FAMILY = 4;
				TEST_HOST = "$(BUILT_PRODUCTS_DIR)/FameFit.app/$(BUNDLE_EXECUTABLE_FOLDER_PATH)/FameFit";
				WATCHOS_DEPLOYMENT_TARGET = 11.5;
			};
			name = Test;
		};
/* End XCBuildConfiguration section */

/* Begin XCConfigurationList section */
		54804A782E1E146F00E8726E /* Build configuration list for PBXNativeTarget "FameFit Watch AppUITests" */ = {
			isa = XCConfigurationList;
			buildConfigurations = (
				54804A792E1E146F00E8726E /* Debug */,
				54804A7A2E1E146F00E8726E /* Release */,
				D4EAD3F95C11EE9737B1EF1E /* Test */,
			);
			defaultConfigurationIsVisible = 0;
			defaultConfigurationName = Release;
		};
		54D774D12E0F3BAE00791940 /* Build configuration list for PBXProject "FameFit" */ = {
			isa = XCConfigurationList;
			buildConfigurations = (
				54D7751A2E0F3BB200791940 /* Debug */,
				54D7751B2E0F3BB200791940 /* Release */,
				F37C054727DF643A19391A3C /* Test */,
			);
			defaultConfigurationIsVisible = 0;
			defaultConfigurationName = Release;
		};
		54D7751C2E0F3BB200791940 /* Build configuration list for PBXNativeTarget "FameFit Watch App" */ = {
			isa = XCConfigurationList;
			buildConfigurations = (
				54D7751D2E0F3BB200791940 /* Debug */,
				54D7751E2E0F3BB200791940 /* Release */,
				055EECD8A090EAE836F8CD17 /* Test */,
			);
			defaultConfigurationIsVisible = 0;
			defaultConfigurationName = Release;
		};
		54D775202E0F3BB200791940 /* Build configuration list for PBXNativeTarget "FameFit" */ = {
			isa = XCConfigurationList;
			buildConfigurations = (
				54D775212E0F3BB200791940 /* Debug */,
				54D775222E0F3BB200791940 /* Release */,
				7A91C4DC242960AB33EDED14 /* Test */,
			);
			defaultConfigurationIsVisible = 0;
			defaultConfigurationName = Release;
		};
		54D775232E0F3BB200791940 /* Build configuration list for PBXNativeTarget "FameFitTests" */ = {
			isa = XCConfigurationList;
			buildConfigurations = (
				54D775242E0F3BB200791940 /* Debug */,
				54D775252E0F3BB200791940 /* Release */,
				40A0E638A47F87395ADF1404 /* Test */,
			);
			defaultConfigurationIsVisible = 0;
			defaultConfigurationName = Release;
		};
		54D775262E0F3BB200791940 /* Build configuration list for PBXNativeTarget "FameFitUITests" */ = {
			isa = XCConfigurationList;
			buildConfigurations = (
				54D775272E0F3BB200791940 /* Debug */,
				54D775282E0F3BB200791940 /* Release */,
				5DB0EE45C831D29522DC33A5 /* Test */,
			);
			defaultConfigurationIsVisible = 0;
			defaultConfigurationName = Release;
		};
		54D775292E0F3BB200791940 /* Build configuration list for PBXNativeTarget "FameFit Watch AppTests" */ = {
			isa = XCConfigurationList;
			buildConfigurations = (
				54D7752A2E0F3BB200791940 /* Debug */,
				54D7752B2E0F3BB200791940 /* Release */,
				F98D37B31ECCB814F64FA890 /* Test */,
			);
			defaultConfigurationIsVisible = 0;
			defaultConfigurationName = Release;
		};
/* End XCConfigurationList section */
	};
	rootObject = 54D774CE2E0F3BAE00791940 /* Project object */;
}
